
Microsoft Visual Studio Solution File, Format Version 12.00
# Visual Studio Version 17
VisualStudioVersion = 17.10.35027.167
MinimumVisualStudioVersion = 10.0.40219.1
Project("{FAE04EC0-301F-11D3-BF4B-00C04F79EFBC}") = "Bai2.1", "Bai2.1\Bai2.1.csproj", "{BBE29433-11CB-42DF-A8CB-4DD015149742}"
EndProject
Project("{FAE04EC0-301F-11D3-BF4B-00C04F79EFBC}") = "Bai2.2", "Bai2.2\Bai2.2.csproj", "{BA68AE52-112F-4103-A580-7AA7791CEF3B}"
EndProject
Project("{FAE04EC0-301F-11D3-BF4B-00C04F79EFBC}") = "Bai2.3", "Bai2.3\Bai2.3.csproj", "{132C511C-E8ED-42B6-937C-B85E2CF2172E}"
EndProject
Project("{FAE04EC0-301F-11D3-BF4B-00C04F79EFBC}") = "Bai2.4", "Bai2.4\Bai2.4.csproj", "{7BC3E2AC-A7CF-442F-B5E0-9A980B2587C7}"
EndProject
Project("{FAE04EC0-301F-11D3-BF4B-00C04F79EFBC}") = "Bai2.5", "Bai2.5\Bai2.5.csproj", "{003D37A3-E5B0-4ED4-9BE5-67792260DC83}"
EndProject
Project("{FAE04EC0-301F-11D3-BF4B-00C04F79EFBC}") = "Bai2.6", "Bai2.6\Bai2.6.csproj", "{B69CED97-0038-46B6-A276-405D3ABF3CAF}"
EndProject
Project("{FAE04EC0-301F-11D3-BF4B-00C04F79EFBC}") = "Bai2.7", "Bai2.7\Bai2.7.csproj", "{DA48B4FE-D004-43EB-954C-06F7B46A6B0E}"
EndProject
Project("{FAE04EC0-301F-11D3-BF4B-00C04F79EFBC}") = "Bai2.8", "Bai2.8\Bai2.8.csproj", "{2CCE5AEF-03D4-4250-BB58-B12DC38867FC}"
EndProject
Project("{FAE04EC0-301F-11D3-BF4B-00C04F79EFBC}") = "Bai2.9", "Bai2.9\Bai2.9.csproj", "{04BC0A07-B0BE-494B-B884-590CFA0E6FEC}"
EndProject
Project("{FAE04EC0-301F-11D3-BF4B-00C04F79EFBC}") = "Bai2.10", "Bai2.10\Bai2.10.csproj", "{139CB161-9278-43AE-82ED-9B522626B32C}"
EndProject
Project("{FAE04EC0-301F-11D3-BF4B-00C04F79EFBC}") = "Bai3.1", "Bai3.1\Bai3.1.csproj", "{F15046E8-5108-4590-A8AF-BC1F7AB421D6}"
EndProject
Project("{FAE04EC0-301F-11D3-BF4B-00C04F79EFBC}") = "BuoiTH1_Bai1", "BuoiTH1_Bai1\BuoiTH1_Bai1.csproj", "{D0757216-8785-4C59-9933-09C2D31B65EA}"
EndProject
Project("{FAE04EC0-301F-11D3-BF4B-00C04F79EFBC}") = "BuoiTH1_Bai2", "BuoiTH1_Bai2\BuoiTH1_Bai2.csproj", "{73D434C1-823C-49DE-BB35-449E7F1492E9}"
EndProject
Project("{FAE04EC0-301F-11D3-BF4B-00C04F79EFBC}") = "BuoiTH1_Bai3", "BuoiTH1_Bai3\BuoiTH1_Bai3.csproj", "{1A1BFECE-85C5-4A0E-9ABD-4C3849DB7225}"
EndProject
Project("{FAE04EC0-301F-11D3-BF4B-00C04F79EFBC}") = "BuoiTH1_Bai4", "BuoiTH1_Bai4\BuoiTH1_Bai4.csproj", "{A9E9AC64-BDDF-4552-AC1B-0498BF0582B6}"
EndProject
Project("{FAE04EC0-301F-11D3-BF4B-00C04F79EFBC}") = "BuoiTH1_Bai5", "BuoiTH1_Bai5\BuoiTH1_Bai5.csproj", "{119CAAA6-24BF-4ABD-B20C-44FE39DACCA9}"
EndProject
Project("{FAE04EC0-301F-11D3-BF4B-00C04F79EFBC}") = "BuoiTH1_Bai6", "BuoiTH1_Bai6\BuoiTH1_Bai6.csproj", "{846F94A0-5F01-4E85-A6E0-A93D5AAFD705}"
EndProject
Project("{FAE04EC0-301F-11D3-BF4B-00C04F79EFBC}") = "BuoiTH1_Bai7", "BuoiTH1_Bai7\BuoiTH1_Bai7.csproj", "{1D180951-2115-43ED-A99E-02750E157CDD}"
EndProject
Project("{FAE04EC0-301F-11D3-BF4B-00C04F79EFBC}") = "BuoiTH1_Bai8", "BuoiTH1_Bai8\BuoiTH1_Bai8.csproj", "{BC1E638B-F4ED-41E6-8C37-B121763BAE39}"
EndProject
Project("{FAE04EC0-301F-11D3-BF4B-00C04F79EFBC}") = "Bai3.2", "Bai3.2\Bai3.2.csproj", "{2BB394CF-E6C8-4EBE-8063-4907C3E927CD}"
EndProject
Project("{FAE04EC0-301F-11D3-BF4B-00C04F79EFBC}") = "Bai3.3", "Bai3.3\Bai3.3.csproj", "{45F26988-3252-41A9-B7A4-8250D52E713C}"
EndProject
Project("{FAE04EC0-301F-11D3-BF4B-00C04F79EFBC}") = "Bai3.4", "Bai3.4\Bai3.4.csproj", "{42DD75CD-DF94-49E0-A073-3BD12791A00F}"
EndProject
Project("{FAE04EC0-301F-11D3-BF4B-00C04F79EFBC}") = "Bai4.1", "Bai4.1\Bai4.1.csproj", "{12A45A25-4326-4D63-83A6-E5C91462C3E2}"
EndProject
Project("{FAE04EC0-301F-11D3-BF4B-00C04F79EFBC}") = "Bai4.2", "Bai4.2\Bai4.2.csproj", "{5839CD2A-1D45-49B4-AA59-7AAEF4EC8951}"
EndProject
Project("{FAE04EC0-301F-11D3-BF4B-00C04F79EFBC}") = "Bai4.3", "Bai4.3\Bai4.3.csproj", "{41F1D902-E47C-48F3-A75A-F7462878EDAD}"
EndProject
Project("{FAE04EC0-301F-11D3-BF4B-00C04F79EFBC}") = "Bai4.4", "Bai4.4\Bai4.4.csproj", "{115890B3-27B9-47E5-9053-EC9FBBCD78EC}"
EndProject
Project("{FAE04EC0-301F-11D3-BF4B-00C04F79EFBC}") = "Bai4.5", "Bai4.5\Bai4.5.csproj", "{5504BBF4-FC86-494F-8D97-F4D422445A53}"
EndProject
Project("{FAE04EC0-301F-11D3-BF4B-00C04F79EFBC}") = "Bai4.6", "Bai4.6\Bai4.6.csproj", "{BFFA046A-0DE6-4EA1-AE12-ABC52EBB9109}"
EndProject
Project("{FAE04EC0-301F-11D3-BF4B-00C04F79EFBC}") = "Bai4.7", "Bai4.7\Bai4.7.csproj", "{196AB90B-6659-4D33-AB78-0E8270D9750B}"
EndProject
Project("{FAE04EC0-301F-11D3-BF4B-00C04F79EFBC}") = "BuoiTH3_Bai1", "BuoiTH3_Bai1\BuoiTH3_Bai1.csproj", "{7CC01336-FFBE-4310-9F2A-1DA1FAE0ED79}"
EndProject
Project("{FAE04EC0-301F-11D3-BF4B-00C04F79EFBC}") = "BuoiTH3_Bai2", "BuoiTH3_Bai2\BuoiTH3_Bai2.csproj", "{53A0364B-FE86-4569-86C3-A39BB9A9FB1B}"
EndProject
Project("{FAE04EC0-301F-11D3-BF4B-00C04F79EFBC}") = "BuoiTH3_Bai3", "BuoiTH3_Bai3\BuoiTH3_Bai3.csproj", "{08BFA5FC-B2BA-4020-B281-F666F061B051}"
EndProject
Project("{FAE04EC0-301F-11D3-BF4B-00C04F79EFBC}") = "BuoiTH3_Bai4", "BuoiTH3_Bai4\BuoiTH3_Bai4.csproj", "{61E9B85B-8F4E-43AD-902F-2FD5357EF4C3}"
EndProject
Project("{FAE04EC0-301F-11D3-BF4B-00C04F79EFBC}") = "BuoiTH3_Bai5", "BuoiTH3_Bai5\BuoiTH3_Bai5.csproj", "{B2F91458-6DF1-4525-BCC3-6292594A5B45}"
EndProject
Project("{FAE04EC0-301F-11D3-BF4B-00C04F79EFBC}") = "BuoiTH3_Bai6", "BuoiTH3_Bai6\BuoiTH3_Bai6.csproj", "{B79FB4C9-B7BA-4784-B984-90F8DB9A08E8}"
EndProject
Project("{FAE04EC0-301F-11D3-BF4B-00C04F79EFBC}") = "BuoiTH3_Bai7", "BuoiTH3_Bai7\BuoiTH3_Bai7.csproj", "{3A358956-DFDE-4A68-81C6-018408F0732B}"
EndProject
Project("{FAE04EC0-301F-11D3-BF4B-00C04F79EFBC}") = "BuoiTH3_Bai8", "BuoiTH3_Bai8\BuoiTH3_Bai8.csproj", "{45C85B66-DECF-44C9-ADA7-304E9344B0E1}"
EndProject
Project("{FAE04EC0-301F-11D3-BF4B-00C04F79EFBC}") = "BuoiTH3_Bai9", "BuoiTH3_Bai9\BuoiTH3_Bai9.csproj", "{B8465621-317A-4C6F-A355-C852E31EC015}"
EndProject
Project("{FAE04EC0-301F-11D3-BF4B-00C04F79EFBC}") = "BuoiTH4_Bai1", "BuoiTH4_Bai1\BuoiTH4_Bai1.csproj", "{E60214D9-6BA7-4CB2-814A-F2FC5C5B6986}"
EndProject
Project("{FAE04EC0-301F-11D3-BF4B-00C04F79EFBC}") = "BuoiTH4_Bai2", "BuoiTH4_Bai2\BuoiTH4_Bai2.csproj", "{4BCD03E3-ED2F-41C4-AC19-21C3CAD96DBB}"
EndProject
Project("{FAE04EC0-301F-11D3-BF4B-00C04F79EFBC}") = "BuoiTH4_Bai3", "BuoiTH4_Bai3\BuoiTH4_Bai3.csproj", "{BEEA07DE-C99F-470C-A089-EF148EB0A121}"
EndProject
Global
	GlobalSection(SolutionConfigurationPlatforms) = preSolution
		Debug|Any CPU = Debug|Any CPU
		Release|Any CPU = Release|Any CPU
	EndGlobalSection
	GlobalSection(ProjectConfigurationPlatforms) = postSolution
		{BBE29433-11CB-42DF-A8CB-4DD015149742}.Debug|Any CPU.ActiveCfg = Debug|Any CPU
		{BBE29433-11CB-42DF-A8CB-4DD015149742}.Debug|Any CPU.Build.0 = Debug|Any CPU
		{BBE29433-11CB-42DF-A8CB-4DD015149742}.Release|Any CPU.ActiveCfg = Release|Any CPU
		{BBE29433-11CB-42DF-A8CB-4DD015149742}.Release|Any CPU.Build.0 = Release|Any CPU
		{BA68AE52-112F-4103-A580-7AA7791CEF3B}.Debug|Any CPU.ActiveCfg = Debug|Any CPU
		{BA68AE52-112F-4103-A580-7AA7791CEF3B}.Debug|Any CPU.Build.0 = Debug|Any CPU
		{BA68AE52-112F-4103-A580-7AA7791CEF3B}.Release|Any CPU.ActiveCfg = Release|Any CPU
		{BA68AE52-112F-4103-A580-7AA7791CEF3B}.Release|Any CPU.Build.0 = Release|Any CPU
		{132C511C-E8ED-42B6-937C-B85E2CF2172E}.Debug|Any CPU.ActiveCfg = Debug|Any CPU
		{132C511C-E8ED-42B6-937C-B85E2CF2172E}.Debug|Any CPU.Build.0 = Debug|Any CPU
		{132C511C-E8ED-42B6-937C-B85E2CF2172E}.Release|Any CPU.ActiveCfg = Release|Any CPU
		{132C511C-E8ED-42B6-937C-B85E2CF2172E}.Release|Any CPU.Build.0 = Release|Any CPU
		{7BC3E2AC-A7CF-442F-B5E0-9A980B2587C7}.Debug|Any CPU.ActiveCfg = Debug|Any CPU
		{7BC3E2AC-A7CF-442F-B5E0-9A980B2587C7}.Debug|Any CPU.Build.0 = Debug|Any CPU
		{7BC3E2AC-A7CF-442F-B5E0-9A980B2587C7}.Release|Any CPU.ActiveCfg = Release|Any CPU
		{7BC3E2AC-A7CF-442F-B5E0-9A980B2587C7}.Release|Any CPU.Build.0 = Release|Any CPU
		{003D37A3-E5B0-4ED4-9BE5-67792260DC83}.Debug|Any CPU.ActiveCfg = Debug|Any CPU
		{003D37A3-E5B0-4ED4-9BE5-67792260DC83}.Debug|Any CPU.Build.0 = Debug|Any CPU
		{003D37A3-E5B0-4ED4-9BE5-67792260DC83}.Release|Any CPU.ActiveCfg = Release|Any CPU
		{003D37A3-E5B0-4ED4-9BE5-67792260DC83}.Release|Any CPU.Build.0 = Release|Any CPU
		{B69CED97-0038-46B6-A276-405D3ABF3CAF}.Debug|Any CPU.ActiveCfg = Debug|Any CPU
		{B69CED97-0038-46B6-A276-405D3ABF3CAF}.Debug|Any CPU.Build.0 = Debug|Any CPU
		{B69CED97-0038-46B6-A276-405D3ABF3CAF}.Release|Any CPU.ActiveCfg = Release|Any CPU
		{B69CED97-0038-46B6-A276-405D3ABF3CAF}.Release|Any CPU.Build.0 = Release|Any CPU
		{DA48B4FE-D004-43EB-954C-06F7B46A6B0E}.Debug|Any CPU.ActiveCfg = Debug|Any CPU
		{DA48B4FE-D004-43EB-954C-06F7B46A6B0E}.Debug|Any CPU.Build.0 = Debug|Any CPU
		{DA48B4FE-D004-43EB-954C-06F7B46A6B0E}.Release|Any CPU.ActiveCfg = Release|Any CPU
		{DA48B4FE-D004-43EB-954C-06F7B46A6B0E}.Release|Any CPU.Build.0 = Release|Any CPU
		{2CCE5AEF-03D4-4250-BB58-B12DC38867FC}.Debug|Any CPU.ActiveCfg = Debug|Any CPU
		{2CCE5AEF-03D4-4250-BB58-B12DC38867FC}.Debug|Any CPU.Build.0 = Debug|Any CPU
		{2CCE5AEF-03D4-4250-BB58-B12DC38867FC}.Release|Any CPU.ActiveCfg = Release|Any CPU
		{2CCE5AEF-03D4-4250-BB58-B12DC38867FC}.Release|Any CPU.Build.0 = Release|Any CPU
		{04BC0A07-B0BE-494B-B884-590CFA0E6FEC}.Debug|Any CPU.ActiveCfg = Debug|Any CPU
		{04BC0A07-B0BE-494B-B884-590CFA0E6FEC}.Debug|Any CPU.Build.0 = Debug|Any CPU
		{04BC0A07-B0BE-494B-B884-590CFA0E6FEC}.Release|Any CPU.ActiveCfg = Release|Any CPU
		{04BC0A07-B0BE-494B-B884-590CFA0E6FEC}.Release|Any CPU.Build.0 = Release|Any CPU
		{139CB161-9278-43AE-82ED-9B522626B32C}.Debug|Any CPU.ActiveCfg = Debug|Any CPU
		{139CB161-9278-43AE-82ED-9B522626B32C}.Debug|Any CPU.Build.0 = Debug|Any CPU
		{139CB161-9278-43AE-82ED-9B522626B32C}.Release|Any CPU.ActiveCfg = Release|Any CPU
		{139CB161-9278-43AE-82ED-9B522626B32C}.Release|Any CPU.Build.0 = Release|Any CPU
		{F15046E8-5108-4590-A8AF-BC1F7AB421D6}.Debug|Any CPU.ActiveCfg = Debug|Any CPU
		{F15046E8-5108-4590-A8AF-BC1F7AB421D6}.Debug|Any CPU.Build.0 = Debug|Any CPU
		{F15046E8-5108-4590-A8AF-BC1F7AB421D6}.Release|Any CPU.ActiveCfg = Release|Any CPU
		{F15046E8-5108-4590-A8AF-BC1F7AB421D6}.Release|Any CPU.Build.0 = Release|Any CPU
		{D0757216-8785-4C59-9933-09C2D31B65EA}.Debug|Any CPU.ActiveCfg = Debug|Any CPU
		{D0757216-8785-4C59-9933-09C2D31B65EA}.Debug|Any CPU.Build.0 = Debug|Any CPU
		{D0757216-8785-4C59-9933-09C2D31B65EA}.Release|Any CPU.ActiveCfg = Release|Any CPU
		{D0757216-8785-4C59-9933-09C2D31B65EA}.Release|Any CPU.Build.0 = Release|Any CPU
		{73D434C1-823C-49DE-BB35-449E7F1492E9}.Debug|Any CPU.ActiveCfg = Debug|Any CPU
		{73D434C1-823C-49DE-BB35-449E7F1492E9}.Debug|Any CPU.Build.0 = Debug|Any CPU
		{73D434C1-823C-49DE-BB35-449E7F1492E9}.Release|Any CPU.ActiveCfg = Release|Any CPU
		{73D434C1-823C-49DE-BB35-449E7F1492E9}.Release|Any CPU.Build.0 = Release|Any CPU
		{1A1BFECE-85C5-4A0E-9ABD-4C3849DB7225}.Debug|Any CPU.ActiveCfg = Debug|Any CPU
		{1A1BFECE-85C5-4A0E-9ABD-4C3849DB7225}.Debug|Any CPU.Build.0 = Debug|Any CPU
		{1A1BFECE-85C5-4A0E-9ABD-4C3849DB7225}.Release|Any CPU.ActiveCfg = Release|Any CPU
		{1A1BFECE-85C5-4A0E-9ABD-4C3849DB7225}.Release|Any CPU.Build.0 = Release|Any CPU
		{A9E9AC64-BDDF-4552-AC1B-0498BF0582B6}.Debug|Any CPU.ActiveCfg = Debug|Any CPU
		{A9E9AC64-BDDF-4552-AC1B-0498BF0582B6}.Debug|Any CPU.Build.0 = Debug|Any CPU
		{A9E9AC64-BDDF-4552-AC1B-0498BF0582B6}.Release|Any CPU.ActiveCfg = Release|Any CPU
		{A9E9AC64-BDDF-4552-AC1B-0498BF0582B6}.Release|Any CPU.Build.0 = Release|Any CPU
		{119CAAA6-24BF-4ABD-B20C-44FE39DACCA9}.Debug|Any CPU.ActiveCfg = Debug|Any CPU
		{119CAAA6-24BF-4ABD-B20C-44FE39DACCA9}.Debug|Any CPU.Build.0 = Debug|Any CPU
		{119CAAA6-24BF-4ABD-B20C-44FE39DACCA9}.Release|Any CPU.ActiveCfg = Release|Any CPU
		{119CAAA6-24BF-4ABD-B20C-44FE39DACCA9}.Release|Any CPU.Build.0 = Release|Any CPU
		{846F94A0-5F01-4E85-A6E0-A93D5AAFD705}.Debug|Any CPU.ActiveCfg = Debug|Any CPU
		{846F94A0-5F01-4E85-A6E0-A93D5AAFD705}.Debug|Any CPU.Build.0 = Debug|Any CPU
		{846F94A0-5F01-4E85-A6E0-A93D5AAFD705}.Release|Any CPU.ActiveCfg = Release|Any CPU
		{846F94A0-5F01-4E85-A6E0-A93D5AAFD705}.Release|Any CPU.Build.0 = Release|Any CPU
		{1D180951-2115-43ED-A99E-02750E157CDD}.Debug|Any CPU.ActiveCfg = Debug|Any CPU
		{1D180951-2115-43ED-A99E-02750E157CDD}.Debug|Any CPU.Build.0 = Debug|Any CPU
		{1D180951-2115-43ED-A99E-02750E157CDD}.Release|Any CPU.ActiveCfg = Release|Any CPU
		{1D180951-2115-43ED-A99E-02750E157CDD}.Release|Any CPU.Build.0 = Release|Any CPU
		{BC1E638B-F4ED-41E6-8C37-B121763BAE39}.Debug|Any CPU.ActiveCfg = Debug|Any CPU
		{BC1E638B-F4ED-41E6-8C37-B121763BAE39}.Debug|Any CPU.Build.0 = Debug|Any CPU
		{BC1E638B-F4ED-41E6-8C37-B121763BAE39}.Release|Any CPU.ActiveCfg = Release|Any CPU
		{BC1E638B-F4ED-41E6-8C37-B121763BAE39}.Release|Any CPU.Build.0 = Release|Any CPU
		{2BB394CF-E6C8-4EBE-8063-4907C3E927CD}.Debug|Any CPU.ActiveCfg = Debug|Any CPU
		{2BB394CF-E6C8-4EBE-8063-4907C3E927CD}.Debug|Any CPU.Build.0 = Debug|Any CPU
		{2BB394CF-E6C8-4EBE-8063-4907C3E927CD}.Release|Any CPU.ActiveCfg = Release|Any CPU
		{2BB394CF-E6C8-4EBE-8063-4907C3E927CD}.Release|Any CPU.Build.0 = Release|Any CPU
		{45F26988-3252-41A9-B7A4-8250D52E713C}.Debug|Any CPU.ActiveCfg = Debug|Any CPU
		{45F26988-3252-41A9-B7A4-8250D52E713C}.Debug|Any CPU.Build.0 = Debug|Any CPU
		{45F26988-3252-41A9-B7A4-8250D52E713C}.Release|Any CPU.ActiveCfg = Release|Any CPU
		{45F26988-3252-41A9-B7A4-8250D52E713C}.Release|Any CPU.Build.0 = Release|Any CPU
		{42DD75CD-DF94-49E0-A073-3BD12791A00F}.Debug|Any CPU.ActiveCfg = Debug|Any CPU
		{42DD75CD-DF94-49E0-A073-3BD12791A00F}.Debug|Any CPU.Build.0 = Debug|Any CPU
		{42DD75CD-DF94-49E0-A073-3BD12791A00F}.Release|Any CPU.ActiveCfg = Release|Any CPU
		{42DD75CD-DF94-49E0-A073-3BD12791A00F}.Release|Any CPU.Build.0 = Release|Any CPU
		{12A45A25-4326-4D63-83A6-E5C91462C3E2}.Debug|Any CPU.ActiveCfg = Debug|Any CPU
		{12A45A25-4326-4D63-83A6-E5C91462C3E2}.Debug|Any CPU.Build.0 = Debug|Any CPU
		{12A45A25-4326-4D63-83A6-E5C91462C3E2}.Release|Any CPU.ActiveCfg = Release|Any CPU
		{12A45A25-4326-4D63-83A6-E5C91462C3E2}.Release|Any CPU.Build.0 = Release|Any CPU
		{5839CD2A-1D45-49B4-AA59-7AAEF4EC8951}.Debug|Any CPU.ActiveCfg = Debug|Any CPU
		{5839CD2A-1D45-49B4-AA59-7AAEF4EC8951}.Debug|Any CPU.Build.0 = Debug|Any CPU
		{5839CD2A-1D45-49B4-AA59-7AAEF4EC8951}.Release|Any CPU.ActiveCfg = Release|Any CPU
		{5839CD2A-1D45-49B4-AA59-7AAEF4EC8951}.Release|Any CPU.Build.0 = Release|Any CPU
		{41F1D902-E47C-48F3-A75A-F7462878EDAD}.Debug|Any CPU.ActiveCfg = Debug|Any CPU
		{41F1D902-E47C-48F3-A75A-F7462878EDAD}.Debug|Any CPU.Build.0 = Debug|Any CPU
		{41F1D902-E47C-48F3-A75A-F7462878EDAD}.Release|Any CPU.ActiveCfg = Release|Any CPU
		{41F1D902-E47C-48F3-A75A-F7462878EDAD}.Release|Any CPU.Build.0 = Release|Any CPU
		{115890B3-27B9-47E5-9053-EC9FBBCD78EC}.Debug|Any CPU.ActiveCfg = Debug|Any CPU
		{115890B3-27B9-47E5-9053-EC9FBBCD78EC}.Debug|Any CPU.Build.0 = Debug|Any CPU
		{115890B3-27B9-47E5-9053-EC9FBBCD78EC}.Release|Any CPU.ActiveCfg = Release|Any CPU
		{115890B3-27B9-47E5-9053-EC9FBBCD78EC}.Release|Any CPU.Build.0 = Release|Any CPU
		{5504BBF4-FC86-494F-8D97-F4D422445A53}.Debug|Any CPU.ActiveCfg = Debug|Any CPU
		{5504BBF4-FC86-494F-8D97-F4D422445A53}.Debug|Any CPU.Build.0 = Debug|Any CPU
		{5504BBF4-FC86-494F-8D97-F4D422445A53}.Release|Any CPU.ActiveCfg = Release|Any CPU
		{5504BBF4-FC86-494F-8D97-F4D422445A53}.Release|Any CPU.Build.0 = Release|Any CPU
		{BFFA046A-0DE6-4EA1-AE12-ABC52EBB9109}.Debug|Any CPU.ActiveCfg = Debug|Any CPU
		{BFFA046A-0DE6-4EA1-AE12-ABC52EBB9109}.Debug|Any CPU.Build.0 = Debug|Any CPU
		{BFFA046A-0DE6-4EA1-AE12-ABC52EBB9109}.Release|Any CPU.ActiveCfg = Release|Any CPU
		{BFFA046A-0DE6-4EA1-AE12-ABC52EBB9109}.Release|Any CPU.Build.0 = Release|Any CPU
		{196AB90B-6659-4D33-AB78-0E8270D9750B}.Debug|Any CPU.ActiveCfg = Debug|Any CPU
		{196AB90B-6659-4D33-AB78-0E8270D9750B}.Debug|Any CPU.Build.0 = Debug|Any CPU
		{196AB90B-6659-4D33-AB78-0E8270D9750B}.Release|Any CPU.ActiveCfg = Release|Any CPU
		{196AB90B-6659-4D33-AB78-0E8270D9750B}.Release|Any CPU.Build.0 = Release|Any CPU
		{7CC01336-FFBE-4310-9F2A-1DA1FAE0ED79}.Debug|Any CPU.ActiveCfg = Debug|Any CPU
		{7CC01336-FFBE-4310-9F2A-1DA1FAE0ED79}.Debug|Any CPU.Build.0 = Debug|Any CPU
		{7CC01336-FFBE-4310-9F2A-1DA1FAE0ED79}.Release|Any CPU.ActiveCfg = Release|Any CPU
		{7CC01336-FFBE-4310-9F2A-1DA1FAE0ED79}.Release|Any CPU.Build.0 = Release|Any CPU
		{53A0364B-FE86-4569-86C3-A39BB9A9FB1B}.Debug|Any CPU.ActiveCfg = Debug|Any CPU
		{53A0364B-FE86-4569-86C3-A39BB9A9FB1B}.Debug|Any CPU.Build.0 = Debug|Any CPU
		{53A0364B-FE86-4569-86C3-A39BB9A9FB1B}.Release|Any CPU.ActiveCfg = Release|Any CPU
		{53A0364B-FE86-4569-86C3-A39BB9A9FB1B}.Release|Any CPU.Build.0 = Release|Any CPU
		{08BFA5FC-B2BA-4020-B281-F666F061B051}.Debug|Any CPU.ActiveCfg = Debug|Any CPU
		{08BFA5FC-B2BA-4020-B281-F666F061B051}.Debug|Any CPU.Build.0 = Debug|Any CPU
		{08BFA5FC-B2BA-4020-B281-F666F061B051}.Release|Any CPU.ActiveCfg = Release|Any CPU
		{08BFA5FC-B2BA-4020-B281-F666F061B051}.Release|Any CPU.Build.0 = Release|Any CPU
		{61E9B85B-8F4E-43AD-902F-2FD5357EF4C3}.Debug|Any CPU.ActiveCfg = Debug|Any CPU
		{61E9B85B-8F4E-43AD-902F-2FD5357EF4C3}.Debug|Any CPU.Build.0 = Debug|Any CPU
		{61E9B85B-8F4E-43AD-902F-2FD5357EF4C3}.Release|Any CPU.ActiveCfg = Release|Any CPU
		{61E9B85B-8F4E-43AD-902F-2FD5357EF4C3}.Release|Any CPU.Build.0 = Release|Any CPU
		{B2F91458-6DF1-4525-BCC3-6292594A5B45}.Debug|Any CPU.ActiveCfg = Debug|Any CPU
		{B2F91458-6DF1-4525-BCC3-6292594A5B45}.Debug|Any CPU.Build.0 = Debug|Any CPU
		{B2F91458-6DF1-4525-BCC3-6292594A5B45}.Release|Any CPU.ActiveCfg = Release|Any CPU
		{B2F91458-6DF1-4525-BCC3-6292594A5B45}.Release|Any CPU.Build.0 = Release|Any CPU
		{B79FB4C9-B7BA-4784-B984-90F8DB9A08E8}.Debug|Any CPU.ActiveCfg = Debug|Any CPU
		{B79FB4C9-B7BA-4784-B984-90F8DB9A08E8}.Debug|Any CPU.Build.0 = Debug|Any CPU
		{B79FB4C9-B7BA-4784-B984-90F8DB9A08E8}.Release|Any CPU.ActiveCfg = Release|Any CPU
		{B79FB4C9-B7BA-4784-B984-90F8DB9A08E8}.Release|Any CPU.Build.0 = Release|Any CPU
		{3A358956-DFDE-4A68-81C6-018408F0732B}.Debug|Any CPU.ActiveCfg = Debug|Any CPU
		{3A358956-DFDE-4A68-81C6-018408F0732B}.Debug|Any CPU.Build.0 = Debug|Any CPU
		{3A358956-DFDE-4A68-81C6-018408F0732B}.Release|Any CPU.ActiveCfg = Release|Any CPU
		{3A358956-DFDE-4A68-81C6-018408F0732B}.Release|Any CPU.Build.0 = Release|Any CPU
		{45C85B66-DECF-44C9-ADA7-304E9344B0E1}.Debug|Any CPU.ActiveCfg = Debug|Any CPU
		{45C85B66-DECF-44C9-ADA7-304E9344B0E1}.Debug|Any CPU.Build.0 = Debug|Any CPU
		{45C85B66-DECF-44C9-ADA7-304E9344B0E1}.Release|Any CPU.ActiveCfg = Release|Any CPU
		{45C85B66-DECF-44C9-ADA7-304E9344B0E1}.Release|Any CPU.Build.0 = Release|Any CPU
		{B8465621-317A-4C6F-A355-C852E31EC015}.Debug|Any CPU.ActiveCfg = Debug|Any CPU
		{B8465621-317A-4C6F-A355-C852E31EC015}.Debug|Any CPU.Build.0 = Debug|Any CPU
		{B8465621-317A-4C6F-A355-C852E31EC015}.Release|Any CPU.ActiveCfg = Release|Any CPU
		{B8465621-317A-4C6F-A355-C852E31EC015}.Release|Any CPU.Build.0 = Release|Any CPU
		{E60214D9-6BA7-4CB2-814A-F2FC5C5B6986}.Debug|Any CPU.ActiveCfg = Debug|Any CPU
		{E60214D9-6BA7-4CB2-814A-F2FC5C5B6986}.Debug|Any CPU.Build.0 = Debug|Any CPU
		{E60214D9-6BA7-4CB2-814A-F2FC5C5B6986}.Release|Any CPU.ActiveCfg = Release|Any CPU
		{E60214D9-6BA7-4CB2-814A-F2FC5C5B6986}.Release|Any CPU.Build.0 = Release|Any CPU
		{4BCD03E3-ED2F-41C4-AC19-21C3CAD96DBB}.Debug|Any CPU.ActiveCfg = Debug|Any CPU
		{4BCD03E3-ED2F-41C4-AC19-21C3CAD96DBB}.Debug|Any CPU.Build.0 = Debug|Any CPU
		{4BCD03E3-ED2F-41C4-AC19-21C3CAD96DBB}.Release|Any CPU.ActiveCfg = Release|Any CPU
		{4BCD03E3-ED2F-41C4-AC19-21C3CAD96DBB}.Release|Any CPU.Build.0 = Release|Any CPU
		{BEEA07DE-C99F-470C-A089-EF148EB0A121}.Debug|Any CPU.ActiveCfg = Debug|Any CPU
		{BEEA07DE-C99F-470C-A089-EF148EB0A121}.Debug|Any CPU.Build.0 = Debug|Any CPU
		{BEEA07DE-C99F-470C-A089-EF148EB0A121}.Release|Any CPU.ActiveCfg = Release|Any CPU
		{BEEA07DE-C99F-470C-A089-EF148EB0A121}.Release|Any CPU.Build.0 = Release|Any CPU
	EndGlobalSection
	GlobalSection(SolutionProperties) = preSolution
		HideSolutionNode = FALSE
	EndGlobalSection
	GlobalSection(ExtensibilityGlobals) = postSolution
		SolutionGuid = {46DA6F61-5C73-42CB-9230-05F141D9C2B7}
	EndGlobalSection
EndGlobal
